
Microsoft Visual Studio Solution File, Format Version 12.00
# Visual Studio Version 17
VisualStudioVersion = 17.13.35931.197 d17.13
MinimumVisualStudioVersion = 10.0.40219.1
Project("{FAE04EC0-301F-11D3-BF4B-00C04F79EFBC}") = "BlazorHybridTP4", "BlazorHybridTP4.csproj", "{7B9FE674-1EF0-4088-871E-920CAD8DA028}"
EndProject
Global
	GlobalSection(SolutionConfigurationPlatforms) = preSolution
		Debug|Any CPU = Debug|Any CPU
		Release|Any CPU = Release|Any CPU
	EndGlobalSection
	GlobalSection(ProjectConfigurationPlatforms) = postSolution
		{7B9FE674-1EF0-4088-871E-920CAD8DA028}.Debug|Any CPU.ActiveCfg = Debug|Any CPU
		{7B9FE674-1EF0-4088-871E-920CAD8DA028}.Debug|Any CPU.Build.0 = Debug|Any CPU
		{7B9FE674-1EF0-4088-871E-920CAD8DA028}.Release|Any CPU.ActiveCfg = Release|Any CPU
		{7B9FE674-1EF0-4088-871E-920CAD8DA028}.Release|Any CPU.Build.0 = Release|Any CPU
	EndGlobalSection
	GlobalSection(SolutionProperties) = preSolution
		HideSolutionNode = FALSE
	EndGlobalSection
	GlobalSection(ExtensibilityGlobals) = postSolution
		SolutionGuid = {79D3CB13-6950-4B81-B2EE-CD0FCB0A4AE1}
	EndGlobalSection
EndGlobal
